Microsoft Visual Studio Solution File, Format Version 12.00
# Visual Studio Version 17
VisualStudioVersion = 17.5.2.0
MinimumVisualStudioVersion = 10.0.40219.1
Project("{FAE04EC0-301F-11D3-BF4B-00C04F79EFBC}") = "Waterlily.MVC", "Waterlily.MVC\Waterlily.MVC.csproj", "{AB1068E3-D990-970E-727B-A2857B3BA6C5}"
EndProject
Global
	GlobalSection(SolutionConfigurationPlatforms) = preSolution
		Debug|Any CPU = Debug|Any CPU
		Release|Any CPU = Release|Any CPU
	EndGlobalSection
	GlobalSection(ProjectConfigurationPlatforms) = postSolution
		{AB1068E3-D990-970E-727B-A2857B3BA6C5}.Debug|Any CPU.ActiveCfg = Debug|Any CPU
		{AB1068E3-D990-970E-727B-A2857B3BA6C5}.Debug|Any CPU.Build.0 = Debug|Any CPU
		{AB1068E3-D990-970E-727B-A2857B3BA6C5}.Release|Any CPU.ActiveCfg = Release|Any CPU
		{AB1068E3-D990-970E-727B-A2857B3BA6C5}.Release|Any CPU.Build.0 = Release|Any CPU
	EndGlobalSection
	GlobalSection(SolutionProperties) = preSolution
		HideSolutionNode = FALSE
	EndGlobalSection
	GlobalSection(ExtensibilityGlobals) = postSolution
		SolutionGuid = {7355FC8C-4A59-4E76-80D8-46BFC20A7C9D}
	EndGlobalSection
EndGlobal
